// !$*UTF8*$!
{
	archiveVersion = 1;
	classes = {
	};
	objectVersion = 56;
	objects = {

/* Begin PBXBuildFile section */
		7D912F7629E09F710056DA5C /* AppDelegate.swift in Sources */ = {isa = PBXBuildFile; fileRef = 7D912F7529E09F710056DA5C /* AppDelegate.swift */; };
		7D912F7829E09F710056DA5C /* SceneDelegate.swift in Sources */ = {isa = PBXBuildFile; fileRef = 7D912F7729E09F710056DA5C /* SceneDelegate.swift */; };
		7D912F7F29E09F730056DA5C /* Assets.xcassets in Resources */ = {isa = PBXBuildFile; fileRef = 7D912F7E29E09F730056DA5C /* Assets.xcassets */; };
		7D912F8229E09F730056DA5C /* LaunchScreen.storyboard in Resources */ = {isa = PBXBuildFile; fileRef = 7D912F8029E09F730056DA5C /* LaunchScreen.storyboard */; };
		7D912F8A29E0A0240056DA5C /* User.swift in Sources */ = {isa = PBXBuildFile; fileRef = 7D912F8929E0A0240056DA5C /* User.swift */; };
		7D912F8C29E0A02E0056DA5C /* Post.swift in Sources */ = {isa = PBXBuildFile; fileRef = 7D912F8B29E0A02E0056DA5C /* Post.swift */; };
		7D912F8E29E0A03A0056DA5C /* LoginViewController.swift in Sources */ = {isa = PBXBuildFile; fileRef = 7D912F8D29E0A03A0056DA5C /* LoginViewController.swift */; };
		7D912F9029E0A0460056DA5C /* SignUpViewController.swift in Sources */ = {isa = PBXBuildFile; fileRef = 7D912F8F29E0A0460056DA5C /* SignUpViewController.swift */; };
		7D912F9229E0A0500056DA5C /* FeedViewController.swift in Sources */ = {isa = PBXBuildFile; fileRef = 7D912F9129E0A0500056DA5C /* FeedViewController.swift */; };
		7D912F9429E0A0590056DA5C /* PostCell.swift in Sources */ = {isa = PBXBuildFile; fileRef = 7D912F9329E0A0590056DA5C /* PostCell.swift */; };
		7D912F9629E0A0630056DA5C /* PostViewController.swift in Sources */ = {isa = PBXBuildFile; fileRef = 7D912F9529E0A0630056DA5C /* PostViewController.swift */; };
		7D912F9829E0A0770056DA5C /* DateFormatter+Extensions.swift in Sources */ = {isa = PBXBuildFile; fileRef = 7D912F9729E0A0770056DA5C /* DateFormatter+Extensions.swift */; };
		7D912F9A29E0A0850056DA5C /* ViewController+Extensions.swift in Sources */ = {isa = PBXBuildFile; fileRef = 7D912F9929E0A0850056DA5C /* ViewController+Extensions.swift */; };
		7D912FA329E0A1A80056DA5C /* Alamofire in Frameworks */ = {isa = PBXBuildFile; productRef = 7D912FA229E0A1A80056DA5C /* Alamofire */; };
		7D912FA629E0A1B50056DA5C /* AlamofireImage in Frameworks */ = {isa = PBXBuildFile; productRef = 7D912FA529E0A1B50056DA5C /* AlamofireImage */; };
		7D912FA929E0A1C10056DA5C /* ParseSwift in Frameworks */ = {isa = PBXBuildFile; productRef = 7D912FA829E0A1C10056DA5C /* ParseSwift */; };
		7D912FAD29E0A3210056DA5C /* Main.storyboard in Resources */ = {isa = PBXBuildFile; fileRef = 7D912FAC29E0A3210056DA5C /* Main.storyboard */; };
		7D912FAF29E0AAA00056DA5C /* Genera-Alt-Light.ttf in Resources */ = {isa = PBXBuildFile; fileRef = 7D912FAE29E0AAA00056DA5C /* Genera-Alt-Light.ttf */; };
/* End PBXBuildFile section */

/* Begin PBXFileReference section */
		7D912F7229E09F710056DA5C /* BeRealPartTwo.app */ = {isa = PBXFileReference; explicitFileType = wrapper.application; includeInIndex = 0; path = BeRealPartTwo.app; sourceTree = BUILT_PRODUCTS_DIR; };
		7D912F7529E09F710056DA5C /* AppDelegate.swift */ = {isa = PBXFileReference; lastKnownFileType = sourcecode.swift; path = AppDelegate.swift; sourceTree = "<group>"; };
		7D912F7729E09F710056DA5C /* SceneDelegate.swift */ = {isa = PBXFileReference; lastKnownFileType = sourcecode.swift; path = SceneDelegate.swift; sourceTree = "<group>"; };
		7D912F7E29E09F730056DA5C /* Assets.xcassets */ = {isa = PBXFileReference; lastKnownFileType = folder.assetcatalog; path = Assets.xcassets; sourceTree = "<group>"; };
		7D912F8129E09F730056DA5C /* Base */ = {isa = PBXFileReference; lastKnownFileType = file.storyboard; name = Base; path = Base.lproj/LaunchScreen.storyboard; sourceTree = "<group>"; };
		7D912F8329E09F730056DA5C /* Info.plist */ = {isa = PBXFileReference; lastKnownFileType = text.plist.xml; path = Info.plist; sourceTree = "<group>"; };
		7D912F8929E0A0240056DA5C /* User.swift */ = {isa = PBXFileReference; lastKnownFileType = sourcecode.swift; path = User.swift; sourceTree = "<group>"; };
		7D912F8B29E0A02E0056DA5C /* Post.swift */ = {isa = PBXFileReference; lastKnownFileType = sourcecode.swift; path = Post.swift; sourceTree = "<group>"; };
		7D912F8D29E0A03A0056DA5C /* LoginViewController.swift */ = {isa = PBXFileReference; lastKnownFileType = sourcecode.swift; path = LoginViewController.swift; sourceTree = "<group>"; };
		7D912F8F29E0A0460056DA5C /* SignUpViewController.swift */ = {isa = PBXFileReference; lastKnownFileType = sourcecode.swift; path = SignUpViewController.swift; sourceTree = "<group>"; };
		7D912F9129E0A0500056DA5C /* FeedViewController.swift */ = {isa = PBXFileReference; lastKnownFileType = sourcecode.swift; path = FeedViewController.swift; sourceTree = "<group>"; };
		7D912F9329E0A0590056DA5C /* PostCell.swift */ = {isa = PBXFileReference; lastKnownFileType = sourcecode.swift; path = PostCell.swift; sourceTree = "<group>"; };
		7D912F9529E0A0630056DA5C /* PostViewController.swift */ = {isa = PBXFileReference; lastKnownFileType = sourcecode.swift; path = PostViewController.swift; sourceTree = "<group>"; };
		7D912F9729E0A0770056DA5C /* DateFormatter+Extensions.swift */ = {isa = PBXFileReference; lastKnownFileType = sourcecode.swift; path = "DateFormatter+Extensions.swift"; sourceTree = "<group>"; };
		7D912F9929E0A0850056DA5C /* ViewController+Extensions.swift */ = {isa = PBXFileReference; lastKnownFileType = sourcecode.swift; path = "ViewController+Extensions.swift"; sourceTree = "<group>"; };
		7D912FAC29E0A3210056DA5C /* Main.storyboard */ = {isa = PBXFileReference; fileEncoding = 4; lastKnownFileType = file.storyboard; path = Main.storyboard; sourceTree = "<group>"; };
		7D912FAE29E0AAA00056DA5C /* Genera-Alt-Light.ttf */ = {isa = PBXFileReference; lastKnownFileType = file; path = "Genera-Alt-Light.ttf"; sourceTree = "<group>"; };
/* End PBXFileReference section */

/* Begin PBXFrameworksBuildPhase section */
		7D912F6F29E09F710056DA5C /* Frameworks */ = {
			isa = PBXFrameworksBuildPhase;
			buildActionMask = 2147483647;
			files = (
				7D912FA329E0A1A80056DA5C /* Alamofire in Frameworks */,
				7D912FA929E0A1C10056DA5C /* ParseSwift in Frameworks */,
				7D912FA629E0A1B50056DA5C /* AlamofireImage in Frameworks */,
			);
			runOnlyForDeploymentPostprocessing = 0;
		};
/* End PBXFrameworksBuildPhase section */

/* Begin PBXGroup section */
		7D912F6929E09F710056DA5C = {
			isa = PBXGroup;
			children = (
				7D912F7429E09F710056DA5C /* BeRealPartTwo */,
				7D912F7329E09F710056DA5C /* Products */,
			);
			sourceTree = "<group>";
		};
		7D912F7329E09F710056DA5C /* Products */ = {
			isa = PBXGroup;
			children = (
				7D912F7229E09F710056DA5C /* BeRealPartTwo.app */,
			);
			name = Products;
			sourceTree = "<group>";
		};
		7D912F7429E09F710056DA5C /* BeRealPartTwo */ = {
			isa = PBXGroup;
			children = (
				7D912F7529E09F710056DA5C /* AppDelegate.swift */,
				7D912F7729E09F710056DA5C /* SceneDelegate.swift */,
				7D912F9B29E0A0910056DA5C /* Models */,
				7D912F9C29E0A0A00056DA5C /* Login */,
				7D912F9D29E0A0DB0056DA5C /* Feed */,
				7D912F9E29E0A1040056DA5C /* Post */,
				7D912F9F29E0A14E0056DA5C /* Extensions */,
				7D912F7E29E09F730056DA5C /* Assets.xcassets */,
				7D912FAC29E0A3210056DA5C /* Main.storyboard */,
				7D912F8029E09F730056DA5C /* LaunchScreen.storyboard */,
				7D912F8329E09F730056DA5C /* Info.plist */,
				7D912FA029E0A1720056DA5C /* Fonts */,
			);
			path = BeRealPartTwo;
			sourceTree = "<group>";
		};
		7D912F9B29E0A0910056DA5C /* Models */ = {
			isa = PBXGroup;
			children = (
				7D912F8929E0A0240056DA5C /* User.swift */,
				7D912F8B29E0A02E0056DA5C /* Post.swift */,
			);
			path = Models;
			sourceTree = "<group>";
		};
		7D912F9C29E0A0A00056DA5C /* Login */ = {
			isa = PBXGroup;
			children = (
				7D912F8D29E0A03A0056DA5C /* LoginViewController.swift */,
				7D912F8F29E0A0460056DA5C /* SignUpViewController.swift */,
			);
			path = Login;
			sourceTree = "<group>";
		};
		7D912F9D29E0A0DB0056DA5C /* Feed */ = {
			isa = PBXGroup;
			children = (
				7D912F9129E0A0500056DA5C /* FeedViewController.swift */,
				7D912F9329E0A0590056DA5C /* PostCell.swift */,
			);
			path = Feed;
			sourceTree = "<group>";
		};
		7D912F9E29E0A1040056DA5C /* Post */ = {
			isa = PBXGroup;
			children = (
				7D912F9529E0A0630056DA5C /* PostViewController.swift */,
			);
			path = Post;
			sourceTree = "<group>";
		};
		7D912F9F29E0A14E0056DA5C /* Extensions */ = {
			isa = PBXGroup;
			children = (
				7D912F9729E0A0770056DA5C /* DateFormatter+Extensions.swift */,
				7D912F9929E0A0850056DA5C /* ViewController+Extensions.swift */,
			);
			path = Extensions;
			sourceTree = "<group>";
		};
		7D912FA029E0A1720056DA5C /* Fonts */ = {
			isa = PBXGroup;
			children = (
				7D912FAE29E0AAA00056DA5C /* Genera-Alt-Light.ttf */,
			);
			path = Fonts;
			sourceTree = "<group>";
		};
/* End PBXGroup section */

/* Begin PBXNativeTarget section */
		7D912F7129E09F710056DA5C /* BeRealPartTwo */ = {
			isa = PBXNativeTarget;
			buildConfigurationList = 7D912F8629E09F730056DA5C /* Build configuration list for PBXNativeTarget "BeRealPartTwo" */;
			buildPhases = (
				7D912F6E29E09F710056DA5C /* Sources */,
				7D912F6F29E09F710056DA5C /* Frameworks */,
				7D912F7029E09F710056DA5C /* Resources */,
			);
			buildRules = (
			);
			dependencies = (
			);
			name = BeRealPartTwo;
			packageProductDependencies = (
				7D912FA229E0A1A80056DA5C /* Alamofire */,
				7D912FA529E0A1B50056DA5C /* AlamofireImage */,
				7D912FA829E0A1C10056DA5C /* ParseSwift */,
			);
			productName = BeRealPartTwo;
			productReference = 7D912F7229E09F710056DA5C /* BeRealPartTwo.app */;
			productType = "com.apple.product-type.application";
		};
/* End PBXNativeTarget section */

/* Begin PBXProject section */
		7D912F6A29E09F710056DA5C /* Project object */ = {
			isa = PBXProject;
			attributes = {
				BuildIndependentTargetsInParallel = 1;
				LastSwiftUpdateCheck = 1430;
				LastUpgradeCheck = 1430;
				TargetAttributes = {
					7D912F7129E09F710056DA5C = {
						CreatedOnToolsVersion = 14.3;
					};
				};
			};
			buildConfigurationList = 7D912F6D29E09F710056DA5C /* Build configuration list for PBXProject "BeRealPartTwo" */;
			compatibilityVersion = "Xcode 14.0";
			developmentRegion = en;
			hasScannedForEncodings = 0;
			knownRegions = (
				en,
				Base,
			);
			mainGroup = 7D912F6929E09F710056DA5C;
			packageReferences = (
				7D912FA129E0A1A80056DA5C /* XCRemoteSwiftPackageReference "Alamofire" */,
				7D912FA429E0A1B50056DA5C /* XCRemoteSwiftPackageReference "AlamofireImage" */,
				7D912FA729E0A1C10056DA5C /* XCRemoteSwiftPackageReference "Parse-Swift" */,
			);
			productRefGroup = 7D912F7329E09F710056DA5C /* Products */;
			projectDirPath = "";
			projectRoot = "";
			targets = (
				7D912F7129E09F710056DA5C /* BeRealPartTwo */,
			);
		};
/* End PBXProject section */

/* Begin PBXResourcesBuildPhase section */
		7D912F7029E09F710056DA5C /* Resources */ = {
			isa = PBXResourcesBuildPhase;
			buildActionMask = 2147483647;
			files = (
				7D912FAD29E0A3210056DA5C /* Main.storyboard in Resources */,
				7D912FAF29E0AAA00056DA5C /* Genera-Alt-Light.ttf in Resources */,
				7D912F8229E09F730056DA5C /* LaunchScreen.storyboard in Resources */,
				7D912F7F29E09F730056DA5C /* Assets.xcassets in Resources */,
			);
			runOnlyForDeploymentPostprocessing = 0;
		};
/* End PBXResourcesBuildPhase section */

/* Begin PBXSourcesBuildPhase section */
		7D912F6E29E09F710056DA5C /* Sources */ = {
			isa = PBXSourcesBuildPhase;
			buildActionMask = 2147483647;
			files = (
				7D912F8E29E0A03A0056DA5C /* LoginViewController.swift in Sources */,
				7D912F9029E0A0460056DA5C /* SignUpViewController.swift in Sources */,
				7D912F8A29E0A0240056DA5C /* User.swift in Sources */,
				7D912F9A29E0A0850056DA5C /* ViewController+Extensions.swift in Sources */,
				7D912F9629E0A0630056DA5C /* PostViewController.swift in Sources */,
				7D912F7629E09F710056DA5C /* AppDelegate.swift in Sources */,
				7D912F9429E0A0590056DA5C /* PostCell.swift in Sources */,
				7D912F7829E09F710056DA5C /* SceneDelegate.swift in Sources */,
				7D912F9229E0A0500056DA5C /* FeedViewController.swift in Sources */,
				7D912F9829E0A0770056DA5C /* DateFormatter+Extensions.swift in Sources */,
				7D912F8C29E0A02E0056DA5C /* Post.swift in Sources */,
			);
			runOnlyForDeploymentPostprocessing = 0;
		};
/* End PBXSourcesBuildPhase section */

/* Begin PBXVariantGroup section */
		7D912F8029E09F730056DA5C /* LaunchScreen.storyboard */ = {
			isa = PBXVariantGroup;
			children = (
				7D912F8129E09F730056DA5C /* Base */,
			);
			name = LaunchScreen.storyboard;
			sourceTree = "<group>";
		};
/* End PBXVariantGroup section */

/* Begin XCBuildConfiguration section */
		7D912F8429E09F730056DA5C /* Debug */ = {
			isa = XCBuildConfiguration;
			buildSettings = {
				ALWAYS_SEARCH_USER_PATHS = NO;
				CLANG_ANALYZER_NONNULL = YES;
				CLANG_ANALYZER_NUMBER_OBJECT_CONVERSION = YES_AGGRESSIVE;
				CLANG_CXX_LANGUAGE_STANDARD = "gnu++20";
				CLANG_ENABLE_MODULES = YES;
				CLANG_ENABLE_OBJC_ARC = YES;
				CLANG_ENABLE_OBJC_WEAK = YES;
				CLANG_WARN_BLOCK_CAPTURE_AUTORELEASING = YES;
				CLANG_WARN_BOOL_CONVERSION = YES;
				CLANG_WARN_COMMA = YES;
				CLANG_WARN_CONSTANT_CONVERSION = YES;
				CLANG_WARN_DEPRECATED_OBJC_IMPLEMENTATIONS = YES;
				CLANG_WARN_DIRECT_OBJC_ISA_USAGE = YES_ERROR;
				CLANG_WARN_DOCUMENTATION_COMMENTS = YES;
				CLANG_WARN_EMPTY_BODY = YES;
				CLANG_WARN_ENUM_CONVERSION = YES;
				CLANG_WARN_INFINITE_RECURSION = YES;
				CLANG_WARN_INT_CONVERSION = YES;
				CLANG_WARN_NON_LITERAL_NULL_CONVERSION = YES;
				CLANG_WARN_OBJC_IMPLICIT_RETAIN_SELF = YES;
				CLANG_WARN_OBJC_LITERAL_CONVERSION = YES;
				CLANG_WARN_OBJC_ROOT_CLASS = YES_ERROR;
				CLANG_WARN_QUOTED_INCLUDE_IN_FRAMEWORK_HEADER = YES;
				CLANG_WARN_RANGE_LOOP_ANALYSIS = YES;
				CLANG_WARN_STRICT_PROTOTYPES = YES;
				CLANG_WARN_SUSPICIOUS_MOVE = YES;
				CLANG_WARN_UNGUARDED_AVAILABILITY = YES_AGGRESSIVE;
				CLANG_WARN_UNREACHABLE_CODE = YES;
				CLANG_WARN__DUPLICATE_METHOD_MATCH = YES;
				COPY_PHASE_STRIP = NO;
				DEBUG_INFORMATION_FORMAT = dwarf;
				ENABLE_STRICT_OBJC_MSGSEND = YES;
				ENABLE_TESTABILITY = YES;
				GCC_C_LANGUAGE_STANDARD = gnu11;
				GCC_DYNAMIC_NO_PIC = NO;
				GCC_NO_COMMON_BLOCKS = YES;
				GCC_OPTIMIZATION_LEVEL = 0;
				GCC_PREPROCESSOR_DEFINITIONS = (
					"DEBUG=1",
					"$(inherited)",
				);
				GCC_WARN_64_TO_32_BIT_CONVERSION = YES;
				GCC_WARN_ABOUT_RETURN_TYPE = YES_ERROR;
				GCC_WARN_UNDECLARED_SELECTOR = YES;
				GCC_WARN_UNINITIALIZED_AUTOS = YES_AGGRESSIVE;
				GCC_WARN_UNUSED_FUNCTION = YES;
				GCC_WARN_UNUSED_VARIABLE = YES;
				IPHONEOS_DEPLOYMENT_TARGET = 16.4;
				MTL_ENABLE_DEBUG_INFO = INCLUDE_SOURCE;
				MTL_FAST_MATH = YES;
				ONLY_ACTIVE_ARCH = YES;
				SDKROOT = iphoneos;
				SWIFT_ACTIVE_COMPILATION_CONDITIONS = DEBUG;
				SWIFT_OPTIMIZATION_LEVEL = "-Onone";
			};
			name = Debug;
		};
		7D912F8529E09F730056DA5C /* Release */ = {
			isa = XCBuildConfiguration;
			buildSettings = {
				ALWAYS_SEARCH_USER_PATHS = NO;
				CLANG_ANALYZER_NONNULL = YES;
				CLANG_ANALYZER_NUMBER_OBJECT_CONVERSION = YES_AGGRESSIVE;
				CLANG_CXX_LANGUAGE_STANDARD = "gnu++20";
				CLANG_ENABLE_MODULES = YES;
				CLANG_ENABLE_OBJC_ARC = YES;
				CLANG_ENABLE_OBJC_WEAK = YES;
				CLANG_WARN_BLOCK_CAPTURE_AUTORELEASING = YES;
				CLANG_WARN_BOOL_CONVERSION = YES;
				CLANG_WARN_COMMA = YES;
				CLANG_WARN_CONSTANT_CONVERSION = YES;
				CLANG_WARN_DEPRECATED_OBJC_IMPLEMENTATIONS = YES;
				CLANG_WARN_DIRECT_OBJC_ISA_USAGE = YES_ERROR;
				CLANG_WARN_DOCUMENTATION_COMMENTS = YES;
				CLANG_WARN_EMPTY_BODY = YES;
				CLANG_WARN_ENUM_CONVERSION = YES;
				CLANG_WARN_INFINITE_RECURSION = YES;
				CLANG_WARN_INT_CONVERSION = YES;
				CLANG_WARN_NON_LITERAL_NULL_CONVERSION = YES;
				CLANG_WARN_OBJC_IMPLICIT_RETAIN_SELF = YES;
				CLANG_WARN_OBJC_LITERAL_CONVERSION = YES;
				CLANG_WARN_OBJC_ROOT_CLASS = YES_ERROR;
				CLANG_WARN_QUOTED_INCLUDE_IN_FRAMEWORK_HEADER = YES;
				CLANG_WARN_RANGE_LOOP_ANALYSIS = YES;
				CLANG_WARN_STRICT_PROTOTYPES = YES;
				CLANG_WARN_SUSPICIOUS_MOVE = YES;
				CLANG_WARN_UNGUARDED_AVAILABILITY = YES_AGGRESSIVE;
				CLANG_WARN_UNREACHABLE_CODE = YES;
				CLANG_WARN__DUPLICATE_METHOD_MATCH = YES;
				COPY_PHASE_STRIP = NO;
				DEBUG_INFORMATION_FORMAT = "dwarf-with-dsym";
				ENABLE_NS_ASSERTIONS = NO;
				ENABLE_STRICT_OBJC_MSGSEND = YES;
				GCC_C_LANGUAGE_STANDARD = gnu11;
				GCC_NO_COMMON_BLOCKS = YES;
				GCC_WARN_64_TO_32_BIT_CONVERSION = YES;
				GCC_WARN_ABOUT_RETURN_TYPE = YES_ERROR;
				GCC_WARN_UNDECLARED_SELECTOR = YES;
				GCC_WARN_UNINITIALIZED_AUTOS = YES_AGGRESSIVE;
				GCC_WARN_UNUSED_FUNCTION = YES;
				GCC_WARN_UNUSED_VARIABLE = YES;
				IPHONEOS_DEPLOYMENT_TARGET = 16.4;
				MTL_ENABLE_DEBUG_INFO = NO;
				MTL_FAST_MATH = YES;
				SDKROOT = iphoneos;
				SWIFT_COMPILATION_MODE = wholemodule;
				SWIFT_OPTIMIZATION_LEVEL = "-O";
				VALIDATE_PRODUCT = YES;
			};
			name = Release;
		};
		7D912F8729E09F730056DA5C /* Debug */ = {
			isa = XCBuildConfiguration;
			buildSettings = {
				ASSETCATALOG_COMPILER_APPICON_NAME = AppIcon;
				ASSETCATALOG_COMPILER_GLOBAL_ACCENT_COLOR_NAME = AccentColor;
				CODE_SIGN_STYLE = Automatic;
				CURRENT_PROJECT_VERSION = 1;
				DEVELOPMENT_TEAM = L6U8T4WFP6;
				GENERATE_INFOPLIST_FILE = YES;
				INFOPLIST_FILE = BeRealPartTwo/Info.plist;
				INFOPLIST_KEY_UIApplicationSupportsIndirectInputEvents = YES;
				INFOPLIST_KEY_UILaunchStoryboardName = LaunchScreen;
				INFOPLIST_KEY_UIMainStoryboardFile = Main;
				INFOPLIST_KEY_UISupportedInterfaceOrientations_iPad = "UIInterfaceOrientationPortrait UIInterfaceOrientationPortraitUpsideDown UIInterfaceOrientationLandscapeLeft UIInterfaceOrientationLandscapeRight";
				INFOPLIST_KEY_UISupportedInterfaceOrientations_iPhone = "UIInterfaceOrientationPortrait UIInterfaceOrientationLandscapeLeft UIInterfaceOrientationLandscapeRight";
				LD_RUNPATH_SEARCH_PATHS = (
					"$(inherited)",
					"@executable_path/Frameworks",
				);
				MARKETING_VERSION = 1.0;
				PRODUCT_BUNDLE_IDENTIFIER = vnunez.BeRealPartTwo;
				PRODUCT_NAME = "$(TARGET_NAME)";
				SWIFT_EMIT_LOC_STRINGS = YES;
				SWIFT_VERSION = 5.0;
				TARGETED_DEVICE_FAMILY = "1,2";
			};
			name = Debug;
		};
		7D912F8829E09F730056DA5C /* Release */ = {
			isa = XCBuildConfiguration;
			buildSettings = {
				ASSETCATALOG_COMPILER_APPICON_NAME = AppIcon;
				ASSETCATALOG_COMPILER_GLOBAL_ACCENT_COLOR_NAME = AccentColor;
				CODE_SIGN_STYLE = Automatic;
				CURRENT_PROJECT_VERSION = 1;
				DEVELOPMENT_TEAM = L6U8T4WFP6;
				GENERATE_INFOPLIST_FILE = YES;
				INFOPLIST_FILE = BeRealPartTwo/Info.plist;
				INFOPLIST_KEY_UIApplicationSupportsIndirectInputEvents = YES;
				INFOPLIST_KEY_UILaunchStoryboardName = LaunchScreen;
				INFOPLIST_KEY_UIMainStoryboardFile = Main;
				INFOPLIST_KEY_UISupportedInterfaceOrientations_iPad = "UIInterfaceOrientationPortrait UIInterfaceOrientationPortraitUpsideDown UIInterfaceOrientationLandscapeLeft UIInterfaceOrientationLandscapeRight";
				INFOPLIST_KEY_UISupportedInterfaceOrientations_iPhone = "UIInterfaceOrientationPortrait UIInterfaceOrientationLandscapeLeft UIInterfaceOrientationLandscapeRight";
				LD_RUNPATH_SEARCH_PATHS = (
					"$(inherited)",
					"@executable_path/Frameworks",
				);
				MARKETING_VERSION = 1.0;
				PRODUCT_BUNDLE_IDENTIFIER = vnunez.BeRealPartTwo;
				PRODUCT_NAME = "$(TARGET_NAME)";
				SWIFT_EMIT_LOC_STRINGS = YES;
				SWIFT_VERSION = 5.0;
				TARGETED_DEVICE_FAMILY = "1,2";
			};
			name = Release;
		};
/* End XCBuildConfiguration section */

/* Begin XCConfigurationList section */
		7D912F6D29E09F710056DA5C /* Build configuration list for PBXProject "BeRealPartTwo" */ = {
			isa = XCConfigurationList;
			buildConfigurations = (
				7D912F8429E09F730056DA5C /* Debug */,
				7D912F8529E09F730056DA5C /* Release */,
			);
			defaultConfigurationIsVisible = 0;
			defaultConfigurationName = Release;
		};
		7D912F8629E09F730056DA5C /* Build configuration list for PBXNativeTarget "BeRealPartTwo" */ = {
			isa = XCConfigurationList;
			buildConfigurations = (
				7D912F8729E09F730056DA5C /* Debug */,
				7D912F8829E09F730056DA5C /* Release */,
			);
			defaultConfigurationIsVisible = 0;
			defaultConfigurationName = Release;
		};
/* End XCConfigurationList section */

/* Begin XCRemoteSwiftPackageReference section */
		7D912FA129E0A1A80056DA5C /* XCRemoteSwiftPackageReference "Alamofire" */ = {
			isa = XCRemoteSwiftPackageReference;
			repositoryURL = "https://github.com/Alamofire/Alamofire.git";
			requirement = {
				kind = upToNextMajorVersion;
				minimumVersion = 5.0.0;
			};
		};
		7D912FA429E0A1B50056DA5C /* XCRemoteSwiftPackageReference "AlamofireImage" */ = {
			isa = XCRemoteSwiftPackageReference;
			repositoryURL = "https://github.com/Alamofire/AlamofireImage.git";
			requirement = {
				kind = upToNextMajorVersion;
				minimumVersion = 4.0.0;
			};
		};
		7D912FA729E0A1C10056DA5C /* XCRemoteSwiftPackageReference "Parse-Swift" */ = {
			isa = XCRemoteSwiftPackageReference;
			repositoryURL = "https://github.com/parse-community/Parse-Swift";
			requirement = {
				kind = upToNextMajorVersion;
				minimumVersion = 4.0.0;
			};
		};
/* End XCRemoteSwiftPackageReference section */

/* Begin XCSwiftPackageProductDependency section */
		7D912FA229E0A1A80056DA5C /* Alamofire */ = {
			isa = XCSwiftPackageProductDependency;
			package = 7D912FA129E0A1A80056DA5C /* XCRemoteSwiftPackageReference "Alamofire" */;
			productName = Alamofire;
		};
		7D912FA529E0A1B50056DA5C /* AlamofireImage */ = {
			isa = XCSwiftPackageProductDependency;
			package = 7D912FA429E0A1B50056DA5C /* XCRemoteSwiftPackageReference "AlamofireImage" */;
			productName = AlamofireImage;
		};
		7D912FA829E0A1C10056DA5C /* ParseSwift */ = {
			isa = XCSwiftPackageProductDependency;
			package = 7D912FA729E0A1C10056DA5C /* XCRemoteSwiftPackageReference "Parse-Swift" */;
			productName = ParseSwift;
		};
/* End XCSwiftPackageProductDependency section */
	};
	rootObject = 7D912F6A29E09F710056DA5C /* Project object */;
}
